
Microsoft Visual Studio Solution File, Format Version 12.00
# Visual Studio Version 17
VisualStudioVersion = 17.1.32328.378
MinimumVisualStudioVersion = 10.0.40219.1
Project("{9A19103F-16F7-4668-BE54-9A1E7A4F7556}") = "CrudMVCCore", "CrudMVCCore\CrudMVCCore.csproj", "{EC4810ED-3BFF-4B39-9AD6-23921052AF5A}"
EndProject
Project("{2150E333-8FDC-42A3-9474-1A3956D46DE8}") = "Solution Items", "Solution Items", "{503225D2-A057-43F3-96F9-43B4C1D1631E}"
	ProjectSection(SolutionItems) = preProject
		.editorconfig = .editorconfig
	EndProjectSection
EndProject
Global
	GlobalSection(SolutionConfigurationPlatforms) = preSolution
		Debug|Any CPU = Debug|Any CPU
		Release|Any CPU = Release|Any CPU
	EndGlobalSection
	GlobalSection(ProjectConfigurationPlatforms) = postSolution
		{EC4810ED-3BFF-4B39-9AD6-23921052AF5A}.Debug|Any CPU.ActiveCfg = Debug|Any CPU
		{EC4810ED-3BFF-4B39-9AD6-23921052AF5A}.Debug|Any CPU.Build.0 = Debug|Any CPU
		{EC4810ED-3BFF-4B39-9AD6-23921052AF5A}.Release|Any CPU.ActiveCfg = Release|Any CPU
		{EC4810ED-3BFF-4B39-9AD6-23921052AF5A}.Release|Any CPU.Build.0 = Release|Any CPU
	EndGlobalSection
	GlobalSection(SolutionProperties) = preSolution
		HideSolutionNode = FALSE
	EndGlobalSection
	GlobalSection(ExtensibilityGlobals) = postSolution
		SolutionGuid = {D8144283-7F5A-4592-9F16-6136739BB018}
	EndGlobalSection
EndGlobal
